Microsoft Visual Studio Solution File, Format Version 11.00
# Visual Studio 2008

Project("{790484A2-0AA6-E25D-EC24-8B1BF32F761E}") = "vraios_beta", "Assembly-CSharp.csproj", "{3CDEE8DC-443D-520B-B7CB-52297FC20010}"
EndProject
Global
	GlobalSection(SolutionConfigurationPlatforms) = preSolution
		Debug|Any CPU = Debug|Any CPU
		Release|Any CPU = Release|Any CPU
	EndGlobalSection
	GlobalSection(ProjectConfigurationPlatforms) = postSolution
		{3CDEE8DC-443D-520B-B7CB-52297FC20010}.Debug|Any CPU.ActiveCfg = Debug|Any CPU
		{3CDEE8DC-443D-520B-B7CB-52297FC20010}.Debug|Any CPU.Build.0 = Debug|Any CPU
		{3CDEE8DC-443D-520B-B7CB-52297FC20010}.Release|Any CPU.ActiveCfg = Release|Any CPU
		{3CDEE8DC-443D-520B-B7CB-52297FC20010}.Release|Any CPU.Build.0 = Release|Any CPU
	EndGlobalSection
	GlobalSection(SolutionProperties) = preSolution
		HideSolutionNode = FALSE
	EndGlobalSection
	GlobalSection(MonoDevelopProperties) = preSolution
		StartupItem = Assembly-CSharp.csproj
	EndGlobalSection
EndGlobal
